// !$*UTF8*$!
{
	archiveVersion = 1;
	classes = {
	};
	objectVersion = 55;
	objects = {

/* Begin PBXBuildFile section */
		9437D8802778EFE2006ECABA /* DetailView.swift in Sources */ = {isa = PBXBuildFile; fileRef = 9437D87F2778EFE2006ECABA /* DetailView.swift */; };
		9437D8822778F003006ECABA /* DetailViewModel.swift in Sources */ = {isa = PBXBuildFile; fileRef = 9437D8812778F003006ECABA /* DetailViewModel.swift */; };
		9437D8852778F259006ECABA /* Coordinator.swift in Sources */ = {isa = PBXBuildFile; fileRef = 9437D8842778F259006ECABA /* Coordinator.swift */; };
		94B51FE22778D20E00263604 /* Coinz_App_iOSApp.swift in Sources */ = {isa = PBXBuildFile; fileRef = 94B51FE12778D20E00263604 /* Coinz_App_iOSApp.swift */; };
		94B51FE42778D20E00263604 /* ContentView.swift in Sources */ = {isa = PBXBuildFile; fileRef = 94B51FE32778D20E00263604 /* ContentView.swift */; };
		94B51FE62778D20F00263604 /* Assets.xcassets in Resources */ = {isa = PBXBuildFile; fileRef = 94B51FE52778D20F00263604 /* Assets.xcassets */; };
		94B51FE92778D20F00263604 /* Preview Assets.xcassets in Resources */ = {isa = PBXBuildFile; fileRef = 94B51FE82778D20F00263604 /* Preview Assets.xcassets */; };
		94B51FF52778D58C00263604 /* HomeView.swift in Sources */ = {isa = PBXBuildFile; fileRef = 94B51FF42778D58C00263604 /* HomeView.swift */; };
		94B51FF72778D5A000263604 /* HomeViewModel.swift in Sources */ = {isa = PBXBuildFile; fileRef = 94B51FF62778D5A000263604 /* HomeViewModel.swift */; };
		94B51FFC2778D61E00263604 /* CoinsResponse.swift in Sources */ = {isa = PBXBuildFile; fileRef = 94B51FFB2778D61E00263604 /* CoinsResponse.swift */; };
		94B51FFE2778D64300263604 /* Coin.swift in Sources */ = {isa = PBXBuildFile; fileRef = 94B51FFD2778D64300263604 /* Coin.swift */; };
		94B520002778D67800263604 /* RequestError.swift in Sources */ = {isa = PBXBuildFile; fileRef = 94B51FFF2778D67800263604 /* RequestError.swift */; };
		94B520022778D69700263604 /* NetworkLayer.swift in Sources */ = {isa = PBXBuildFile; fileRef = 94B520012778D69700263604 /* NetworkLayer.swift */; };
		94B520042778D6B900263604 /* NetworkLayer+Extension.swift in Sources */ = {isa = PBXBuildFile; fileRef = 94B520032778D6B900263604 /* NetworkLayer+Extension.swift */; };
/* End PBXBuildFile section */

/* Begin PBXFileReference section */
		9437D87F2778EFE2006ECABA /* DetailView.swift */ = {isa = PBXFileReference; lastKnownFileType = sourcecode.swift; path = DetailView.swift; sourceTree = "<group>"; };
		9437D8812778F003006ECABA /* DetailViewModel.swift */ = {isa = PBXFileReference; lastKnownFileType = sourcecode.swift; path = DetailViewModel.swift; sourceTree = "<group>"; };
		9437D8842778F259006ECABA /* Coordinator.swift */ = {isa = PBXFileReference; lastKnownFileType = sourcecode.swift; path = Coordinator.swift; sourceTree = "<group>"; };
		94B51FDE2778D20E00263604 /* Coinz_App_iOS.app */ = {isa = PBXFileReference; explicitFileType = wrapper.application; includeInIndex = 0; path = Coinz_App_iOS.app; sourceTree = BUILT_PRODUCTS_DIR; };
		94B51FE12778D20E00263604 /* Coinz_App_iOSApp.swift */ = {isa = PBXFileReference; lastKnownFileType = sourcecode.swift; path = Coinz_App_iOSApp.swift; sourceTree = "<group>"; };
		94B51FE32778D20E00263604 /* ContentView.swift */ = {isa = PBXFileReference; lastKnownFileType = sourcecode.swift; path = ContentView.swift; sourceTree = "<group>"; };
		94B51FE52778D20F00263604 /* Assets.xcassets */ = {isa = PBXFileReference; lastKnownFileType = folder.assetcatalog; path = Assets.xcassets; sourceTree = "<group>"; };
		94B51FE82778D20F00263604 /* Preview Assets.xcassets */ = {isa = PBXFileReference; lastKnownFileType = folder.assetcatalog; path = "Preview Assets.xcassets"; sourceTree = "<group>"; };
		94B51FF42778D58C00263604 /* HomeView.swift */ = {isa = PBXFileReference; lastKnownFileType = sourcecode.swift; path = HomeView.swift; sourceTree = "<group>"; };
		94B51FF62778D5A000263604 /* HomeViewModel.swift */ = {isa = PBXFileReference; lastKnownFileType = sourcecode.swift; path = HomeViewModel.swift; sourceTree = "<group>"; };
		94B51FFB2778D61E00263604 /* CoinsResponse.swift */ = {isa = PBXFileReference; lastKnownFileType = sourcecode.swift; path = CoinsResponse.swift; sourceTree = "<group>"; };
		94B51FFD2778D64300263604 /* Coin.swift */ = {isa = PBXFileReference; lastKnownFileType = sourcecode.swift; path = Coin.swift; sourceTree = "<group>"; };
		94B51FFF2778D67800263604 /* RequestError.swift */ = {isa = PBXFileReference; lastKnownFileType = sourcecode.swift; path = RequestError.swift; sourceTree = "<group>"; };
		94B520012778D69700263604 /* NetworkLayer.swift */ = {isa = PBXFileReference; lastKnownFileType = sourcecode.swift; path = NetworkLayer.swift; sourceTree = "<group>"; };
		94B520032778D6B900263604 /* NetworkLayer+Extension.swift */ = {isa = PBXFileReference; lastKnownFileType = sourcecode.swift; path = "NetworkLayer+Extension.swift"; sourceTree = "<group>"; };
/* End PBXFileReference section */

/* Begin PBXFrameworksBuildPhase section */
		94B51FDB2778D20E00263604 /* Frameworks */ = {
			isa = PBXFrameworksBuildPhase;
			buildActionMask = 2147483647;
			files = (
			);
			runOnlyForDeploymentPostprocessing = 0;
		};
/* End PBXFrameworksBuildPhase section */

/* Begin PBXGroup section */
		9437D8832778F24E006ECABA /* Coordinator */ = {
			isa = PBXGroup;
			children = (
				9437D8842778F259006ECABA /* Coordinator.swift */,
			);
			path = Coordinator;
			sourceTree = "<group>";
		};
		94B51FD52778D20E00263604 = {
			isa = PBXGroup;
			children = (
				94B51FE02778D20E00263604 /* Coinz_App_iOS */,
				94B51FDF2778D20E00263604 /* Products */,
			);
			sourceTree = "<group>";
		};
		94B51FDF2778D20E00263604 /* Products */ = {
			isa = PBXGroup;
			children = (
				94B51FDE2778D20E00263604 /* Coinz_App_iOS.app */,
			);
			name = Products;
			sourceTree = "<group>";
		};
		94B51FE02778D20E00263604 /* Coinz_App_iOS */ = {
			isa = PBXGroup;
			children = (
				9437D8832778F24E006ECABA /* Coordinator */,
				94B51FF82778D5F100263604 /* Model */,
				94B51FF02778D54400263604 /* Network */,
				94B51FF12778D56500263604 /* UI */,
				94B51FEF2778D4B500263604 /* App */,
				94B51FE52778D20F00263604 /* Assets.xcassets */,
				94B51FE72778D20F00263604 /* Preview Content */,
			);
			path = Coinz_App_iOS;
			sourceTree = "<group>";
		};
		94B51FE72778D20F00263604 /* Preview Content */ = {
			isa = PBXGroup;
			children = (
				94B51FE82778D20F00263604 /* Preview Assets.xcassets */,
			);
			path = "Preview Content";
			sourceTree = "<group>";
		};
		94B51FEF2778D4B500263604 /* App */ = {
			isa = PBXGroup;
			children = (
				94B51FE12778D20E00263604 /* Coinz_App_iOSApp.swift */,
				94B51FE32778D20E00263604 /* ContentView.swift */,
			);
			path = App;
			sourceTree = "<group>";
		};
		94B51FF02778D54400263604 /* Network */ = {
			isa = PBXGroup;
			children = (
				94B51FFF2778D67800263604 /* RequestError.swift */,
				94B520012778D69700263604 /* NetworkLayer.swift */,
				94B520032778D6B900263604 /* NetworkLayer+Extension.swift */,
			);
			path = Network;
			sourceTree = "<group>";
		};
		94B51FF12778D56500263604 /* UI */ = {
			isa = PBXGroup;
			children = (
				94B51FF32778D57500263604 /* Detail */,
				94B51FF22778D56E00263604 /* Home */,
			);
			path = UI;
			sourceTree = "<group>";
		};
		94B51FF22778D56E00263604 /* Home */ = {
			isa = PBXGroup;
			children = (
				94B51FF42778D58C00263604 /* HomeView.swift */,
				94B51FF62778D5A000263604 /* HomeViewModel.swift */,
			);
			path = Home;
			sourceTree = "<group>";
		};
		94B51FF32778D57500263604 /* Detail */ = {
			isa = PBXGroup;
			children = (
				9437D87F2778EFE2006ECABA /* DetailView.swift */,
				9437D8812778F003006ECABA /* DetailViewModel.swift */,
			);
			path = Detail;
			sourceTree = "<group>";
		};
		94B51FF82778D5F100263604 /* Model */ = {
			isa = PBXGroup;
			children = (
				94B51FFA2778D60400263604 /* Model Objects */,
				94B51FF92778D5F900263604 /* Data Transfer Objects */,
			);
			path = Model;
			sourceTree = "<group>";
		};
		94B51FF92778D5F900263604 /* Data Transfer Objects */ = {
			isa = PBXGroup;
			children = (
				94B51FFB2778D61E00263604 /* CoinsResponse.swift */,
			);
			path = "Data Transfer Objects";
			sourceTree = "<group>";
		};
		94B51FFA2778D60400263604 /* Model Objects */ = {
			isa = PBXGroup;
			children = (
				94B51FFD2778D64300263604 /* Coin.swift */,
			);
			path = "Model Objects";
			sourceTree = "<group>";
		};
/* End PBXGroup section */

/* Begin PBXNativeTarget section */
		94B51FDD2778D20E00263604 /* Coinz_App_iOS */ = {
			isa = PBXNativeTarget;
			buildConfigurationList = 94B51FEC2778D20F00263604 /* Build configuration list for PBXNativeTarget "Coinz_App_iOS" */;
			buildPhases = (
				94B51FDA2778D20E00263604 /* Sources */,
				94B51FDB2778D20E00263604 /* Frameworks */,
				94B51FDC2778D20E00263604 /* Resources */,
			);
			buildRules = (
			);
			dependencies = (
			);
			name = Coinz_App_iOS;
			productName = Coinz_App_iOS;
			productReference = 94B51FDE2778D20E00263604 /* Coinz_App_iOS.app */;
			productType = "com.apple.product-type.application";
		};
/* End PBXNativeTarget section */

/* Begin PBXProject section */
		94B51FD62778D20E00263604 /* Project object */ = {
			isa = PBXProject;
			attributes = {
				BuildIndependentTargetsInParallel = 1;
				LastSwiftUpdateCheck = 1320;
				LastUpgradeCheck = 1320;
				TargetAttributes = {
					94B51FDD2778D20E00263604 = {
						CreatedOnToolsVersion = 13.2.1;
					};
				};
			};
			buildConfigurationList = 94B51FD92778D20E00263604 /* Build configuration list for PBXProject "Coinz_App_iOS" */;
			compatibilityVersion = "Xcode 13.0";
			developmentRegion = en;
			hasScannedForEncodings = 0;
			knownRegions = (
				en,
				Base,
			);
			mainGroup = 94B51FD52778D20E00263604;
			productRefGroup = 94B51FDF2778D20E00263604 /* Products */;
			projectDirPath = "";
			projectRoot = "";
			targets = (
				94B51FDD2778D20E00263604 /* Coinz_App_iOS */,
			);
		};
/* End PBXProject section */

/* Begin PBXResourcesBuildPhase section */
		94B51FDC2778D20E00263604 /* Resources */ = {
			isa = PBXResourcesBuildPhase;
			buildActionMask = 2147483647;
			files = (
				94B51FE92778D20F00263604 /* Preview Assets.xcassets in Resources */,
				94B51FE62778D20F00263604 /* Assets.xcassets in Resources */,
			);
			runOnlyForDeploymentPostprocessing = 0;
		};
/* End PBXResourcesBuildPhase section */

/* Begin PBXSourcesBuildPhase section */
		94B51FDA2778D20E00263604 /* Sources */ = {
			isa = PBXSourcesBuildPhase;
			buildActionMask = 2147483647;
			files = (
				94B520002778D67800263604 /* RequestError.swift in Sources */,
				94B51FFE2778D64300263604 /* Coin.swift in Sources */,
				94B51FF52778D58C00263604 /* HomeView.swift in Sources */,
				9437D8802778EFE2006ECABA /* DetailView.swift in Sources */,
				94B520042778D6B900263604 /* NetworkLayer+Extension.swift in Sources */,
				94B51FE42778D20E00263604 /* ContentView.swift in Sources */,
				94B520022778D69700263604 /* NetworkLayer.swift in Sources */,
				94B51FE22778D20E00263604 /* Coinz_App_iOSApp.swift in Sources */,
				9437D8852778F259006ECABA /* Coordinator.swift in Sources */,
				94B51FFC2778D61E00263604 /* CoinsResponse.swift in Sources */,
				9437D8822778F003006ECABA /* DetailViewModel.swift in Sources */,
				94B51FF72778D5A000263604 /* HomeViewModel.swift in Sources */,
			);
			runOnlyForDeploymentPostprocessing = 0;
		};
/* End PBXSourcesBuildPhase section */

/* Begin XCBuildConfiguration section */
		94B51FEA2778D20F00263604 /* Debug */ = {
			isa = XCBuildConfiguration;
			buildSettings = {
				ALWAYS_SEARCH_USER_PATHS = NO;
				CLANG_ANALYZER_NONNULL = YES;
				CLANG_ANALYZER_NUMBER_OBJECT_CONVERSION = YES_AGGRESSIVE;
				CLANG_CXX_LANGUAGE_STANDARD = "gnu++17";
				CLANG_CXX_LIBRARY = "libc++";
				CLANG_ENABLE_MODULES = YES;
				CLANG_ENABLE_OBJC_ARC = YES;
				CLANG_ENABLE_OBJC_WEAK = YES;
				CLANG_WARN_BLOCK_CAPTURE_AUTORELEASING = YES;
				CLANG_WARN_BOOL_CONVERSION = YES;
				CLANG_WARN_COMMA = YES;
				CLANG_WARN_CONSTANT_CONVERSION = YES;
				CLANG_WARN_DEPRECATED_OBJC_IMPLEMENTATIONS = YES;
				CLANG_WARN_DIRECT_OBJC_ISA_USAGE = YES_ERROR;
				CLANG_WARN_DOCUMENTATION_COMMENTS = YES;
				CLANG_WARN_EMPTY_BODY = YES;
				CLANG_WARN_ENUM_CONVERSION = YES;
				CLANG_WARN_INFINITE_RECURSION = YES;
				CLANG_WARN_INT_CONVERSION = YES;
				CLANG_WARN_NON_LITERAL_NULL_CONVERSION = YES;
				CLANG_WARN_OBJC_IMPLICIT_RETAIN_SELF = YES;
				CLANG_WARN_OBJC_LITERAL_CONVERSION = YES;
				CLANG_WARN_OBJC_ROOT_CLASS = YES_ERROR;
				CLANG_WARN_QUOTED_INCLUDE_IN_FRAMEWORK_HEADER = YES;
				CLANG_WARN_RANGE_LOOP_ANALYSIS = YES;
				CLANG_WARN_STRICT_PROTOTYPES = YES;
				CLANG_WARN_SUSPICIOUS_MOVE = YES;
				CLANG_WARN_UNGUARDED_AVAILABILITY = YES_AGGRESSIVE;
				CLANG_WARN_UNREACHABLE_CODE = YES;
				CLANG_WARN__DUPLICATE_METHOD_MATCH = YES;
				COPY_PHASE_STRIP = NO;
				DEBUG_INFORMATION_FORMAT = dwarf;
				ENABLE_STRICT_OBJC_MSGSEND = YES;
				ENABLE_TESTABILITY = YES;
				GCC_C_LANGUAGE_STANDARD = gnu11;
				GCC_DYNAMIC_NO_PIC = NO;
				GCC_NO_COMMON_BLOCKS = YES;
				GCC_OPTIMIZATION_LEVEL = 0;
				GCC_PREPROCESSOR_DEFINITIONS = (
					"DEBUG=1",
					"$(inherited)",
				);
				GCC_WARN_64_TO_32_BIT_CONVERSION = YES;
				GCC_WARN_ABOUT_RETURN_TYPE = YES_ERROR;
				GCC_WARN_UNDECLARED_SELECTOR = YES;
				GCC_WARN_UNINITIALIZED_AUTOS = YES_AGGRESSIVE;
				GCC_WARN_UNUSED_FUNCTION = YES;
				GCC_WARN_UNUSED_VARIABLE = YES;
				IPHONEOS_DEPLOYMENT_TARGET = 15.2;
				MTL_ENABLE_DEBUG_INFO = INCLUDE_SOURCE;
				MTL_FAST_MATH = YES;
				ONLY_ACTIVE_ARCH = YES;
				SDKROOT = iphoneos;
				SWIFT_ACTIVE_COMPILATION_CONDITIONS = DEBUG;
				SWIFT_OPTIMIZATION_LEVEL = "-Onone";
			};
			name = Debug;
		};
		94B51FEB2778D20F00263604 /* Release */ = {
			isa = XCBuildConfiguration;
			buildSettings = {
				ALWAYS_SEARCH_USER_PATHS = NO;
				CLANG_ANALYZER_NONNULL = YES;
				CLANG_ANALYZER_NUMBER_OBJECT_CONVERSION = YES_AGGRESSIVE;
				CLANG_CXX_LANGUAGE_STANDARD = "gnu++17";
				CLANG_CXX_LIBRARY = "libc++";
				CLANG_ENABLE_MODULES = YES;
				CLANG_ENABLE_OBJC_ARC = YES;
				CLANG_ENABLE_OBJC_WEAK = YES;
				CLANG_WARN_BLOCK_CAPTURE_AUTORELEASING = YES;
				CLANG_WARN_BOOL_CONVERSION = YES;
				CLANG_WARN_COMMA = YES;
				CLANG_WARN_CONSTANT_CONVERSION = YES;
				CLANG_WARN_DEPRECATED_OBJC_IMPLEMENTATIONS = YES;
				CLANG_WARN_DIRECT_OBJC_ISA_USAGE = YES_ERROR;
				CLANG_WARN_DOCUMENTATION_COMMENTS = YES;
				CLANG_WARN_EMPTY_BODY = YES;
				CLANG_WARN_ENUM_CONVERSION = YES;
				CLANG_WARN_INFINITE_RECURSION = YES;
				CLANG_WARN_INT_CONVERSION = YES;
				CLANG_WARN_NON_LITERAL_NULL_CONVERSION = YES;
				CLANG_WARN_OBJC_IMPLICIT_RETAIN_SELF = YES;
				CLANG_WARN_OBJC_LITERAL_CONVERSION = YES;
				CLANG_WARN_OBJC_ROOT_CLASS = YES_ERROR;
				CLANG_WARN_QUOTED_INCLUDE_IN_FRAMEWORK_HEADER = YES;
				CLANG_WARN_RANGE_LOOP_ANALYSIS = YES;
				CLANG_WARN_STRICT_PROTOTYPES = YES;
				CLANG_WARN_SUSPICIOUS_MOVE = YES;
				CLANG_WARN_UNGUARDED_AVAILABILITY = YES_AGGRESSIVE;
				CLANG_WARN_UNREACHABLE_CODE = YES;
				CLANG_WARN__DUPLICATE_METHOD_MATCH = YES;
				COPY_PHASE_STRIP = NO;
				DEBUG_INFORMATION_FORMAT = "dwarf-with-dsym";
				ENABLE_NS_ASSERTIONS = NO;
				ENABLE_STRICT_OBJC_MSGSEND = YES;
				GCC_C_LANGUAGE_STANDARD = gnu11;
				GCC_NO_COMMON_BLOCKS = YES;
				GCC_WARN_64_TO_32_BIT_CONVERSION = YES;
				GCC_WARN_ABOUT_RETURN_TYPE = YES_ERROR;
				GCC_WARN_UNDECLARED_SELECTOR = YES;
				GCC_WARN_UNINITIALIZED_AUTOS = YES_AGGRESSIVE;
				GCC_WARN_UNUSED_FUNCTION = YES;
				GCC_WARN_UNUSED_VARIABLE = YES;
				IPHONEOS_DEPLOYMENT_TARGET = 15.2;
				MTL_ENABLE_DEBUG_INFO = NO;
				MTL_FAST_MATH = YES;
				SDKROOT = iphoneos;
				SWIFT_COMPILATION_MODE = wholemodule;
				SWIFT_OPTIMIZATION_LEVEL = "-O";
				VALIDATE_PRODUCT = YES;
			};
			name = Release;
		};
		94B51FED2778D20F00263604 /* Debug */ = {
			isa = XCBuildConfiguration;
			buildSettings = {
				ASSETCATALOG_COMPILER_APPICON_NAME = AppIcon;
				ASSETCATALOG_COMPILER_GLOBAL_ACCENT_COLOR_NAME = AccentColor;
				CODE_SIGN_STYLE = Automatic;
				CURRENT_PROJECT_VERSION = 1;
				DEVELOPMENT_ASSET_PATHS = "\"Coinz_App_iOS/Preview Content\"";
				DEVELOPMENT_TEAM = 6QHU56UTR8;
				ENABLE_PREVIEWS = YES;
				GENERATE_INFOPLIST_FILE = YES;
				INFOPLIST_KEY_UIApplicationSceneManifest_Generation = YES;
				INFOPLIST_KEY_UIApplicationSupportsIndirectInputEvents = YES;
				INFOPLIST_KEY_UILaunchScreen_Generation = YES;
				INFOPLIST_KEY_UISupportedInterfaceOrientations_iPad = "UIInterfaceOrientationPortrait UIInterfaceOrientationPortraitUpsideDown UIInterfaceOrientationLandscapeLeft UIInterfaceOrientationLandscapeRight";
				INFOPLIST_KEY_UISupportedInterfaceOrientations_iPhone = "UIInterfaceOrientationPortrait UIInterfaceOrientationLandscapeLeft UIInterfaceOrientationLandscapeRight";
				LD_RUNPATH_SEARCH_PATHS = (
					"$(inherited)",
					"@executable_path/Frameworks",
				);
				MARKETING_VERSION = 1.0;
				PRODUCT_BUNDLE_IDENTIFIER = "com.burhan.Coinz-App-iOS";
				PRODUCT_NAME = "$(TARGET_NAME)";
				SWIFT_EMIT_LOC_STRINGS = YES;
				SWIFT_VERSION = 5.0;
				TARGETED_DEVICE_FAMILY = "1,2";
			};
			name = Debug;
		};
		94B51FEE2778D20F00263604 /* Release */ = {
			isa = XCBuildConfiguration;
			buildSettings = {
				ASSETCATALOG_COMPILER_APPICON_NAME = AppIcon;
				ASSETCATALOG_COMPILER_GLOBAL_ACCENT_COLOR_NAME = AccentColor;
				CODE_SIGN_STYLE = Automatic;
				CURRENT_PROJECT_VERSION = 1;
				DEVELOPMENT_ASSET_PATHS = "\"Coinz_App_iOS/Preview Content\"";
				DEVELOPMENT_TEAM = 6QHU56UTR8;
				ENABLE_PREVIEWS = YES;
				GENERATE_INFOPLIST_FILE = YES;
				INFOPLIST_KEY_UIApplicationSceneManifest_Generation = YES;
				INFOPLIST_KEY_UIApplicationSupportsIndirectInputEvents = YES;
				INFOPLIST_KEY_UILaunchScreen_Generation = YES;
				INFOPLIST_KEY_UISupportedInterfaceOrientations_iPad = "UIInterfaceOrientationPortrait UIInterfaceOrientationPortraitUpsideDown UIInterfaceOrientationLandscapeLeft UIInterfaceOrientationLandscapeRight";
				INFOPLIST_KEY_UISupportedInterfaceOrientations_iPhone = "UIInterfaceOrientationPortrait UIInterfaceOrientationLandscapeLeft UIInterfaceOrientationLandscapeRight";
				LD_RUNPATH_SEARCH_PATHS = (
					"$(inherited)",
					"@executable_path/Frameworks",
				);
				MARKETING_VERSION = 1.0;
				PRODUCT_BUNDLE_IDENTIFIER = "com.burhan.Coinz-App-iOS";
				PRODUCT_NAME = "$(TARGET_NAME)";
				SWIFT_EMIT_LOC_STRINGS = YES;
				SWIFT_VERSION = 5.0;
				TARGETED_DEVICE_FAMILY = "1,2";
			};
			name = Release;
		};
/* End XCBuildConfiguration section */

/* Begin XCConfigurationList section */
		94B51FD92778D20E00263604 /* Build configuration list for PBXProject "Coinz_App_iOS" */ = {
			isa = XCConfigurationList;
			buildConfigurations = (
				94B51FEA2778D20F00263604 /* Debug */,
				94B51FEB2778D20F00263604 /* Release */,
			);
			defaultConfigurationIsVisible = 0;
			defaultConfigurationName = Release;
		};
		94B51FEC2778D20F00263604 /* Build configuration list for PBXNativeTarget "Coinz_App_iOS" */ = {
			isa = XCConfigurationList;
			buildConfigurations = (
				94B51FED2778D20F00263604 /* Debug */,
				94B51FEE2778D20F00263604 /* Release */,
			);
			defaultConfigurationIsVisible = 0;
			defaultConfigurationName = Release;
		};
/* End XCConfigurationList section */
	};
	rootObject = 94B51FD62778D20E00263604 /* Project object */;
}
